// !$*UTF8*$!
{
	archiveVersion = 1;
	classes = {
	};
	objectVersion = 50;
	objects = {

/* Begin PBXBuildFile section */
		1053A32625BB18FC00812D5F /* art.scnassets in Resources */ = {isa = PBXBuildFile; fileRef = 1053A32525BB18FC00812D5F /* art.scnassets */; };
		10A35E3425A88B2D00BA8CA1 /* AppDelegate.swift in Sources */ = {isa = PBXBuildFile; fileRef = 10A35E3325A88B2D00BA8CA1 /* AppDelegate.swift */; };
		10A35E3625A88B2D00BA8CA1 /* SceneDelegate.swift in Sources */ = {isa = PBXBuildFile; fileRef = 10A35E3525A88B2D00BA8CA1 /* SceneDelegate.swift */; };
		10A35E3825A88B2D00BA8CA1 /* ViewController.swift in Sources */ = {isa = PBXBuildFile; fileRef = 10A35E3725A88B2D00BA8CA1 /* ViewController.swift */; };
		10A35E3B25A88B2D00BA8CA1 /* Main.storyboard in Resources */ = {isa = PBXBuildFile; fileRef = 10A35E3925A88B2D00BA8CA1 /* Main.storyboard */; };
		10A35E3D25A88B2F00BA8CA1 /* Assets.xcassets in Resources */ = {isa = PBXBuildFile; fileRef = 10A35E3C25A88B2F00BA8CA1 /* Assets.xcassets */; };
		10A35E4025A88B2F00BA8CA1 /* LaunchScreen.storyboard in Resources */ = {isa = PBXBuildFile; fileRef = 10A35E3E25A88B2F00BA8CA1 /* LaunchScreen.storyboard */; };
		10A35E4B25A88B2F00BA8CA1 /* CuccosRevengeSquadTests.swift in Sources */ = {isa = PBXBuildFile; fileRef = 10A35E4A25A88B2F00BA8CA1 /* CuccosRevengeSquadTests.swift */; };
		10A35E5625A88B2F00BA8CA1 /* CuccosRevengeSquadUITests.swift in Sources */ = {isa = PBXBuildFile; fileRef = 10A35E5525A88B2F00BA8CA1 /* CuccosRevengeSquadUITests.swift */; };
		10A35E6725A8A9FE00BA8CA1 /* Bonky_the_Cucco.usdz in Resources */ = {isa = PBXBuildFile; fileRef = 10A35E6625A8A9FE00BA8CA1 /* Bonky_the_Cucco.usdz */; };
/* End PBXBuildFile section */

/* Begin PBXContainerItemProxy section */
		10A35E4725A88B2F00BA8CA1 /* PBXContainerItemProxy */ = {
			isa = PBXContainerItemProxy;
			containerPortal = 10A35E2825A88B2D00BA8CA1 /* Project object */;
			proxyType = 1;
			remoteGlobalIDString = 10A35E2F25A88B2D00BA8CA1;
			remoteInfo = CuccosRevengeSquad;
		};
		10A35E5225A88B2F00BA8CA1 /* PBXContainerItemProxy */ = {
			isa = PBXContainerItemProxy;
			containerPortal = 10A35E2825A88B2D00BA8CA1 /* Project object */;
			proxyType = 1;
			remoteGlobalIDString = 10A35E2F25A88B2D00BA8CA1;
			remoteInfo = CuccosRevengeSquad;
		};
/* End PBXContainerItemProxy section */

/* Begin PBXFileReference section */
		1053A32525BB18FC00812D5F /* art.scnassets */ = {isa = PBXFileReference; lastKnownFileType = wrapper.scnassets; path = art.scnassets; sourceTree = "<group>"; };
		10A35E3025A88B2D00BA8CA1 /* CuccosRevengeSquad.app */ = {isa = PBXFileReference; explicitFileType = wrapper.application; includeInIndex = 0; path = CuccosRevengeSquad.app; sourceTree = BUILT_PRODUCTS_DIR; };
		10A35E3325A88B2D00BA8CA1 /* AppDelegate.swift */ = {isa = PBXFileReference; lastKnownFileType = sourcecode.swift; path = AppDelegate.swift; sourceTree = "<group>"; };
		10A35E3525A88B2D00BA8CA1 /* SceneDelegate.swift */ = {isa = PBXFileReference; lastKnownFileType = sourcecode.swift; path = SceneDelegate.swift; sourceTree = "<group>"; };
		10A35E3725A88B2D00BA8CA1 /* ViewController.swift */ = {isa = PBXFileReference; lastKnownFileType = sourcecode.swift; path = ViewController.swift; sourceTree = "<group>"; };
		10A35E3A25A88B2D00BA8CA1 /* Base */ = {isa = PBXFileReference; lastKnownFileType = file.storyboard; name = Base; path = Base.lproj/Main.storyboard; sourceTree = "<group>"; };
		10A35E3C25A88B2F00BA8CA1 /* Assets.xcassets */ = {isa = PBXFileReference; lastKnownFileType = folder.assetcatalog; path = Assets.xcassets; sourceTree = "<group>"; };
		10A35E3F25A88B2F00BA8CA1 /* Base */ = {isa = PBXFileReference; lastKnownFileType = file.storyboard; name = Base; path = Base.lproj/LaunchScreen.storyboard; sourceTree = "<group>"; };
		10A35E4125A88B2F00BA8CA1 /* Info.plist */ = {isa = PBXFileReference; lastKnownFileType = text.plist.xml; path = Info.plist; sourceTree = "<group>"; };
		10A35E4625A88B2F00BA8CA1 /* CuccosRevengeSquadTests.xctest */ = {isa = PBXFileReference; explicitFileType = wrapper.cfbundle; includeInIndex = 0; path = CuccosRevengeSquadTests.xctest; sourceTree = BUILT_PRODUCTS_DIR; };
		10A35E4A25A88B2F00BA8CA1 /* CuccosRevengeSquadTests.swift */ = {isa = PBXFileReference; lastKnownFileType = sourcecode.swift; path = CuccosRevengeSquadTests.swift; sourceTree = "<group>"; };
		10A35E4C25A88B2F00BA8CA1 /* Info.plist */ = {isa = PBXFileReference; lastKnownFileType = text.plist.xml; path = Info.plist; sourceTree = "<group>"; };
		10A35E5125A88B2F00BA8CA1 /* CuccosRevengeSquadUITests.xctest */ = {isa = PBXFileReference; explicitFileType = wrapper.cfbundle; includeInIndex = 0; path = CuccosRevengeSquadUITests.xctest; sourceTree = BUILT_PRODUCTS_DIR; };
		10A35E5525A88B2F00BA8CA1 /* CuccosRevengeSquadUITests.swift */ = {isa = PBXFileReference; lastKnownFileType = sourcecode.swift; path = CuccosRevengeSquadUITests.swift; sourceTree = "<group>"; };
		10A35E5725A88B2F00BA8CA1 /* Info.plist */ = {isa = PBXFileReference; lastKnownFileType = text.plist.xml; path = Info.plist; sourceTree = "<group>"; };
		10A35E6625A8A9FE00BA8CA1 /* Bonky_the_Cucco.usdz */ = {isa = PBXFileReference; lastKnownFileType = file.usdz; path = Bonky_the_Cucco.usdz; sourceTree = "<group>"; };
/* End PBXFileReference section */

/* Begin PBXFrameworksBuildPhase section */
		10A35E2D25A88B2D00BA8CA1 /* Frameworks */ = {
			isa = PBXFrameworksBuildPhase;
			buildActionMask = 2147483647;
			files = (
			);
			runOnlyForDeploymentPostprocessing = 0;
		};
		10A35E4325A88B2F00BA8CA1 /* Frameworks */ = {
			isa = PBXFrameworksBuildPhase;
			buildActionMask = 2147483647;
			files = (
			);
			runOnlyForDeploymentPostprocessing = 0;
		};
		10A35E4E25A88B2F00BA8CA1 /* Frameworks */ = {
			isa = PBXFrameworksBuildPhase;
			buildActionMask = 2147483647;
			files = (
			);
			runOnlyForDeploymentPostprocessing = 0;
		};
/* End PBXFrameworksBuildPhase section */

/* Begin PBXGroup section */
		10A35E2725A88B2D00BA8CA1 = {
			isa = PBXGroup;
			children = (
				10A35E3225A88B2D00BA8CA1 /* CuccosRevengeSquad */,
				10A35E4925A88B2F00BA8CA1 /* CuccosRevengeSquadTests */,
				10A35E5425A88B2F00BA8CA1 /* CuccosRevengeSquadUITests */,
				10A35E3125A88B2D00BA8CA1 /* Products */,
			);
			sourceTree = "<group>";
		};
		10A35E3125A88B2D00BA8CA1 /* Products */ = {
			isa = PBXGroup;
			children = (
				10A35E3025A88B2D00BA8CA1 /* CuccosRevengeSquad.app */,
				10A35E4625A88B2F00BA8CA1 /* CuccosRevengeSquadTests.xctest */,
				10A35E5125A88B2F00BA8CA1 /* CuccosRevengeSquadUITests.xctest */,
			);
			name = Products;
			sourceTree = "<group>";
		};
		10A35E3225A88B2D00BA8CA1 /* CuccosRevengeSquad */ = {
			isa = PBXGroup;
			children = (
				10A35E6625A8A9FE00BA8CA1 /* Bonky_the_Cucco.usdz */,
				10A35E3325A88B2D00BA8CA1 /* AppDelegate.swift */,
				10A35E3525A88B2D00BA8CA1 /* SceneDelegate.swift */,
				10A35E3725A88B2D00BA8CA1 /* ViewController.swift */,
				10A35E3925A88B2D00BA8CA1 /* Main.storyboard */,
				10A35E3C25A88B2F00BA8CA1 /* Assets.xcassets */,
				10A35E3E25A88B2F00BA8CA1 /* LaunchScreen.storyboard */,
				10A35E4125A88B2F00BA8CA1 /* Info.plist */,
				1053A32525BB18FC00812D5F /* art.scnassets */,
			);
			path = CuccosRevengeSquad;
			sourceTree = "<group>";
		};
		10A35E4925A88B2F00BA8CA1 /* CuccosRevengeSquadTests */ = {
			isa = PBXGroup;
			children = (
				10A35E4A25A88B2F00BA8CA1 /* CuccosRevengeSquadTests.swift */,
				10A35E4C25A88B2F00BA8CA1 /* Info.plist */,
			);
			path = CuccosRevengeSquadTests;
			sourceTree = "<group>";
		};
		10A35E5425A88B2F00BA8CA1 /* CuccosRevengeSquadUITests */ = {
			isa = PBXGroup;
			children = (
				10A35E5525A88B2F00BA8CA1 /* CuccosRevengeSquadUITests.swift */,
				10A35E5725A88B2F00BA8CA1 /* Info.plist */,
			);
			path = CuccosRevengeSquadUITests;
			sourceTree = "<group>";
		};
/* End PBXGroup section */

/* Begin PBXNativeTarget section */
		10A35E2F25A88B2D00BA8CA1 /* CuccosRevengeSquad */ = {
			isa = PBXNativeTarget;
			buildConfigurationList = 10A35E5A25A88B2F00BA8CA1 /* Build configuration list for PBXNativeTarget "CuccosRevengeSquad" */;
			buildPhases = (
				10A35E2C25A88B2D00BA8CA1 /* Sources */,
				10A35E2D25A88B2D00BA8CA1 /* Frameworks */,
				10A35E2E25A88B2D00BA8CA1 /* Resources */,
			);
			buildRules = (
			);
			dependencies = (
			);
			name = CuccosRevengeSquad;
			productName = CuccosRevengeSquad;
			productReference = 10A35E3025A88B2D00BA8CA1 /* CuccosRevengeSquad.app */;
			productType = "com.apple.product-type.application";
		};
		10A35E4525A88B2F00BA8CA1 /* CuccosRevengeSquadTests */ = {
			isa = PBXNativeTarget;
			buildConfigurationList = 10A35E5D25A88B2F00BA8CA1 /* Build configuration list for PBXNativeTarget "CuccosRevengeSquadTests" */;
			buildPhases = (
				10A35E4225A88B2F00BA8CA1 /* Sources */,
				10A35E4325A88B2F00BA8CA1 /* Frameworks */,
				10A35E4425A88B2F00BA8CA1 /* Resources */,
			);
			buildRules = (
			);
			dependencies = (
				10A35E4825A88B2F00BA8CA1 /* PBXTargetDependency */,
			);
			name = CuccosRevengeSquadTests;
			productName = CuccosRevengeSquadTests;
			productReference = 10A35E4625A88B2F00BA8CA1 /* CuccosRevengeSquadTests.xctest */;
			productType = "com.apple.product-type.bundle.unit-test";
		};
		10A35E5025A88B2F00BA8CA1 /* CuccosRevengeSquadUITests */ = {
			isa = PBXNativeTarget;
			buildConfigurationList = 10A35E6025A88B2F00BA8CA1 /* Build configuration list for PBXNativeTarget "CuccosRevengeSquadUITests" */;
			buildPhases = (
				10A35E4D25A88B2F00BA8CA1 /* Sources */,
				10A35E4E25A88B2F00BA8CA1 /* Frameworks */,
				10A35E4F25A88B2F00BA8CA1 /* Resources */,
			);
			buildRules = (
			);
			dependencies = (
				10A35E5325A88B2F00BA8CA1 /* PBXTargetDependency */,
			);
			name = CuccosRevengeSquadUITests;
			productName = CuccosRevengeSquadUITests;
			productReference = 10A35E5125A88B2F00BA8CA1 /* CuccosRevengeSquadUITests.xctest */;
			productType = "com.apple.product-type.bundle.ui-testing";
		};
/* End PBXNativeTarget section */

/* Begin PBXProject section */
		10A35E2825A88B2D00BA8CA1 /* Project object */ = {
			isa = PBXProject;
			attributes = {
				LastSwiftUpdateCheck = 1220;
				LastUpgradeCheck = 1220;
				TargetAttributes = {
					10A35E2F25A88B2D00BA8CA1 = {
						CreatedOnToolsVersion = 12.2;
					};
					10A35E4525A88B2F00BA8CA1 = {
						CreatedOnToolsVersion = 12.2;
						TestTargetID = 10A35E2F25A88B2D00BA8CA1;
					};
					10A35E5025A88B2F00BA8CA1 = {
						CreatedOnToolsVersion = 12.2;
						TestTargetID = 10A35E2F25A88B2D00BA8CA1;
					};
				};
			};
			buildConfigurationList = 10A35E2B25A88B2D00BA8CA1 /* Build configuration list for PBXProject "CuccosRevengeSquad" */;
			compatibilityVersion = "Xcode 9.3";
			developmentRegion = en;
			hasScannedForEncodings = 0;
			knownRegions = (
				en,
				Base,
			);
			mainGroup = 10A35E2725A88B2D00BA8CA1;
			productRefGroup = 10A35E3125A88B2D00BA8CA1 /* Products */;
			projectDirPath = "";
			projectRoot = "";
			targets = (
				10A35E2F25A88B2D00BA8CA1 /* CuccosRevengeSquad */,
				10A35E4525A88B2F00BA8CA1 /* CuccosRevengeSquadTests */,
				10A35E5025A88B2F00BA8CA1 /* CuccosRevengeSquadUITests */,
			);
		};
/* End PBXProject section */

/* Begin PBXResourcesBuildPhase section */
		10A35E2E25A88B2D00BA8CA1 /* Resources */ = {
			isa = PBXResourcesBuildPhase;
			buildActionMask = 2147483647;
			files = (
				10A35E4025A88B2F00BA8CA1 /* LaunchScreen.storyboard in Resources */,
				1053A32625BB18FC00812D5F /* art.scnassets in Resources */,
				10A35E3D25A88B2F00BA8CA1 /* Assets.xcassets in Resources */,
				10A35E3B25A88B2D00BA8CA1 /* Main.storyboard in Resources */,
				10A35E6725A8A9FE00BA8CA1 /* Bonky_the_Cucco.usdz in Resources */,
			);
			runOnlyForDeploymentPostprocessing = 0;
		};
		10A35E4425A88B2F00BA8CA1 /* Resources */ = {
			isa = PBXResourcesBuildPhase;
			buildActionMask = 2147483647;
			files = (
			);
			runOnlyForDeploymentPostprocessing = 0;
		};
		10A35E4F25A88B2F00BA8CA1 /* Resources */ = {
			isa = PBXResourcesBuildPhase;
			buildActionMask = 2147483647;
			files = (
			);
			runOnlyForDeploymentPostprocessing = 0;
		};
/* End PBXResourcesBuildPhase section */

/* Begin PBXSourcesBuildPhase section */
		10A35E2C25A88B2D00BA8CA1 /* Sources */ = {
			isa = PBXSourcesBuildPhase;
			buildActionMask = 2147483647;
			files = (
				10A35E3825A88B2D00BA8CA1 /* ViewController.swift in Sources */,
				10A35E3425A88B2D00BA8CA1 /* AppDelegate.swift in Sources */,
				10A35E3625A88B2D00BA8CA1 /* SceneDelegate.swift in Sources */,
			);
			runOnlyForDeploymentPostprocessing = 0;
		};
		10A35E4225A88B2F00BA8CA1 /* Sources */ = {
			isa = PBXSourcesBuildPhase;
			buildActionMask = 2147483647;
			files = (
				10A35E4B25A88B2F00BA8CA1 /* CuccosRevengeSquadTests.swift in Sources */,
			);
			runOnlyForDeploymentPostprocessing = 0;
		};
		10A35E4D25A88B2F00BA8CA1 /* Sources */ = {
			isa = PBXSourcesBuildPhase;
			buildActionMask = 2147483647;
			files = (
				10A35E5625A88B2F00BA8CA1 /* CuccosRevengeSquadUITests.swift in Sources */,
			);
			runOnlyForDeploymentPostprocessing = 0;
		};
/* End PBXSourcesBuildPhase section */

/* Begin PBXTargetDependency section */
		10A35E4825A88B2F00BA8CA1 /* PBXTargetDependency */ = {
			isa = PBXTargetDependency;
			target = 10A35E2F25A88B2D00BA8CA1 /* CuccosRevengeSquad */;
			targetProxy = 10A35E4725A88B2F00BA8CA1 /* PBXContainerItemProxy */;
		};
		10A35E5325A88B2F00BA8CA1 /* PBXTargetDependency */ = {
			isa = PBXTargetDependency;
			target = 10A35E2F25A88B2D00BA8CA1 /* CuccosRevengeSquad */;
			targetProxy = 10A35E5225A88B2F00BA8CA1 /* PBXContainerItemProxy */;
		};
/* End PBXTargetDependency section */

/* Begin PBXVariantGroup section */
		10A35E3925A88B2D00BA8CA1 /* Main.storyboard */ = {
			isa = PBXVariantGroup;
			children = (
				10A35E3A25A88B2D00BA8CA1 /* Base */,
			);
			name = Main.storyboard;
			sourceTree = "<group>";
		};
		10A35E3E25A88B2F00BA8CA1 /* LaunchScreen.storyboard */ = {
			isa = PBXVariantGroup;
			children = (
				10A35E3F25A88B2F00BA8CA1 /* Base */,
			);
			name = LaunchScreen.storyboard;
			sourceTree = "<group>";
		};
/* End PBXVariantGroup section */

/* Begin XCBuildConfiguration section */
		10A35E5825A88B2F00BA8CA1 /* Debug */ = {
			isa = XCBuildConfiguration;
			buildSettings = {
				ALWAYS_SEARCH_USER_PATHS = NO;
				CLANG_ANALYZER_NONNULL = YES;
				CLANG_ANALYZER_NUMBER_OBJECT_CONVERSION = YES_AGGRESSIVE;
				CLANG_CXX_LANGUAGE_STANDARD = "gnu++14";
				CLANG_CXX_LIBRARY = "libc++";
				CLANG_ENABLE_MODULES = YES;
				CLANG_ENABLE_OBJC_ARC = YES;
				CLANG_ENABLE_OBJC_WEAK = YES;
				CLANG_WARN_BLOCK_CAPTURE_AUTORELEASING = YES;
				CLANG_WARN_BOOL_CONVERSION = YES;
				CLANG_WARN_COMMA = YES;
				CLANG_WARN_CONSTANT_CONVERSION = YES;
				CLANG_WARN_DEPRECATED_OBJC_IMPLEMENTATIONS = YES;
				CLANG_WARN_DIRECT_OBJC_ISA_USAGE = YES_ERROR;
				CLANG_WARN_DOCUMENTATION_COMMENTS = YES;
				CLANG_WARN_EMPTY_BODY = YES;
				CLANG_WARN_ENUM_CONVERSION = YES;
				CLANG_WARN_INFINITE_RECURSION = YES;
				CLANG_WARN_INT_CONVERSION = YES;
				CLANG_WARN_NON_LITERAL_NULL_CONVERSION = YES;
				CLANG_WARN_OBJC_IMPLICIT_RETAIN_SELF = YES;
				CLANG_WARN_OBJC_LITERAL_CONVERSION = YES;
				CLANG_WARN_OBJC_ROOT_CLASS = YES_ERROR;
				CLANG_WARN_QUOTED_INCLUDE_IN_FRAMEWORK_HEADER = YES;
				CLANG_WARN_RANGE_LOOP_ANALYSIS = YES;
				CLANG_WARN_STRICT_PROTOTYPES = YES;
				CLANG_WARN_SUSPICIOUS_MOVE = YES;
				CLANG_WARN_UNGUARDED_AVAILABILITY = YES_AGGRESSIVE;
				CLANG_WARN_UNREACHABLE_CODE = YES;
				CLANG_WARN__DUPLICATE_METHOD_MATCH = YES;
				COPY_PHASE_STRIP = NO;
				DEBUG_INFORMATION_FORMAT = dwarf;
				ENABLE_STRICT_OBJC_MSGSEND = YES;
				ENABLE_TESTABILITY = YES;
				GCC_C_LANGUAGE_STANDARD = gnu11;
				GCC_DYNAMIC_NO_PIC = NO;
				GCC_NO_COMMON_BLOCKS = YES;
				GCC_OPTIMIZATION_LEVEL = 0;
				GCC_PREPROCESSOR_DEFINITIONS = (
					"DEBUG=1",
					"$(inherited)",
				);
				GCC_WARN_64_TO_32_BIT_CONVERSION = YES;
				GCC_WARN_ABOUT_RETURN_TYPE = YES_ERROR;
				GCC_WARN_UNDECLARED_SELECTOR = YES;
				GCC_WARN_UNINITIALIZED_AUTOS = YES_AGGRESSIVE;
				GCC_WARN_UNUSED_FUNCTION = YES;
				GCC_WARN_UNUSED_VARIABLE = YES;
				IPHONEOS_DEPLOYMENT_TARGET = 14.2;
				MTL_ENABLE_DEBUG_INFO = INCLUDE_SOURCE;
				MTL_FAST_MATH = YES;
				ONLY_ACTIVE_ARCH = YES;
				SDKROOT = iphoneos;
				SWIFT_ACTIVE_COMPILATION_CONDITIONS = DEBUG;
				SWIFT_OPTIMIZATION_LEVEL = "-Onone";
			};
			name = Debug;
		};
		10A35E5925A88B2F00BA8CA1 /* Release */ = {
			isa = XCBuildConfiguration;
			buildSettings = {
				ALWAYS_SEARCH_USER_PATHS = NO;
				CLANG_ANALYZER_NONNULL = YES;
				CLANG_ANALYZER_NUMBER_OBJECT_CONVERSION = YES_AGGRESSIVE;
				CLANG_CXX_LANGUAGE_STANDARD = "gnu++14";
				CLANG_CXX_LIBRARY = "libc++";
				CLANG_ENABLE_MODULES = YES;
				CLANG_ENABLE_OBJC_ARC = YES;
				CLANG_ENABLE_OBJC_WEAK = YES;
				CLANG_WARN_BLOCK_CAPTURE_AUTORELEASING = YES;
				CLANG_WARN_BOOL_CONVERSION = YES;
				CLANG_WARN_COMMA = YES;
				CLANG_WARN_CONSTANT_CONVERSION = YES;
				CLANG_WARN_DEPRECATED_OBJC_IMPLEMENTATIONS = YES;
				CLANG_WARN_DIRECT_OBJC_ISA_USAGE = YES_ERROR;
				CLANG_WARN_DOCUMENTATION_COMMENTS = YES;
				CLANG_WARN_EMPTY_BODY = YES;
				CLANG_WARN_ENUM_CONVERSION = YES;
				CLANG_WARN_INFINITE_RECURSION = YES;
				CLANG_WARN_INT_CONVERSION = YES;
				CLANG_WARN_NON_LITERAL_NULL_CONVERSION = YES;
				CLANG_WARN_OBJC_IMPLICIT_RETAIN_SELF = YES;
				CLANG_WARN_OBJC_LITERAL_CONVERSION = YES;
				CLANG_WARN_OBJC_ROOT_CLASS = YES_ERROR;
				CLANG_WARN_QUOTED_INCLUDE_IN_FRAMEWORK_HEADER = YES;
				CLANG_WARN_RANGE_LOOP_ANALYSIS = YES;
				CLANG_WARN_STRICT_PROTOTYPES = YES;
				CLANG_WARN_SUSPICIOUS_MOVE = YES;
				CLANG_WARN_UNGUARDED_AVAILABILITY = YES_AGGRESSIVE;
				CLANG_WARN_UNREACHABLE_CODE = YES;
				CLANG_WARN__DUPLICATE_METHOD_MATCH = YES;
				COPY_PHASE_STRIP = NO;
				DEBUG_INFORMATION_FORMAT = "dwarf-with-dsym";
				ENABLE_NS_ASSERTIONS = NO;
				ENABLE_STRICT_OBJC_MSGSEND = YES;
				GCC_C_LANGUAGE_STANDARD = gnu11;
				GCC_NO_COMMON_BLOCKS = YES;
				GCC_WARN_64_TO_32_BIT_CONVERSION = YES;
				GCC_WARN_ABOUT_RETURN_TYPE = YES_ERROR;
				GCC_WARN_UNDECLARED_SELECTOR = YES;
				GCC_WARN_UNINITIALIZED_AUTOS = YES_AGGRESSIVE;
				GCC_WARN_UNUSED_FUNCTION = YES;
				GCC_WARN_UNUSED_VARIABLE = YES;
				IPHONEOS_DEPLOYMENT_TARGET = 14.2;
				MTL_ENABLE_DEBUG_INFO = NO;
				MTL_FAST_MATH = YES;
				SDKROOT = iphoneos;
				SWIFT_COMPILATION_MODE = wholemodule;
				SWIFT_OPTIMIZATION_LEVEL = "-O";
				VALIDATE_PRODUCT = YES;
			};
			name = Release;
		};
		10A35E5B25A88B2F00BA8CA1 /* Debug */ = {
			isa = XCBuildConfiguration;
			buildSettings = {
				ASSETCATALOG_COMPILER_APPICON_NAME = AppIcon;
				ASSETCATALOG_COMPILER_GLOBAL_ACCENT_COLOR_NAME = AccentColor;
				CODE_SIGN_STYLE = Automatic;
				DEVELOPMENT_TEAM = WAY234M8W5;
				INFOPLIST_FILE = CuccosRevengeSquad/Info.plist;
				LD_RUNPATH_SEARCH_PATHS = (
					"$(inherited)",
					"@executable_path/Frameworks",
				);
				PRODUCT_BUNDLE_IDENTIFIER = com.vicbar.CuccosRevengeSquad;
				PRODUCT_NAME = "$(TARGET_NAME)";
				SWIFT_VERSION = 5.0;
				TARGETED_DEVICE_FAMILY = "1,2";
			};
			name = Debug;
		};
		10A35E5C25A88B2F00BA8CA1 /* Release */ = {
			isa = XCBuildConfiguration;
			buildSettings = {
				ASSETCATALOG_COMPILER_APPICON_NAME = AppIcon;
				ASSETCATALOG_COMPILER_GLOBAL_ACCENT_COLOR_NAME = AccentColor;
				CODE_SIGN_STYLE = Automatic;
				DEVELOPMENT_TEAM = WAY234M8W5;
				INFOPLIST_FILE = CuccosRevengeSquad/Info.plist;
				LD_RUNPATH_SEARCH_PATHS = (
					"$(inherited)",
					"@executable_path/Frameworks",
				);
				PRODUCT_BUNDLE_IDENTIFIER = com.vicbar.CuccosRevengeSquad;
				PRODUCT_NAME = "$(TARGET_NAME)";
				SWIFT_VERSION = 5.0;
				TARGETED_DEVICE_FAMILY = "1,2";
			};
			name = Release;
		};
		10A35E5E25A88B2F00BA8CA1 /* Debug */ = {
			isa = XCBuildConfiguration;
			buildSettings = {
				ALWAYS_EMBED_SWIFT_STANDARD_LIBRARIES = YES;
				BUNDLE_LOADER = "$(TEST_HOST)";
				CODE_SIGN_STYLE = Automatic;
				DEVELOPMENT_TEAM = WAY234M8W5;
				INFOPLIST_FILE = CuccosRevengeSquadTests/Info.plist;
				IPHONEOS_DEPLOYMENT_TARGET = 14.2;
				LD_RUNPATH_SEARCH_PATHS = (
					"$(inherited)",
					"@executable_path/Frameworks",
					"@loader_path/Frameworks",
				);
				PRODUCT_BUNDLE_IDENTIFIER = com.vicbar.CuccosRevengeSquadTests;
				PRODUCT_NAME = "$(TARGET_NAME)";
				SWIFT_VERSION = 5.0;
				TARGETED_DEVICE_FAMILY = "1,2";
				TEST_HOST = "$(BUILT_PRODUCTS_DIR)/CuccosRevengeSquad.app/CuccosRevengeSquad";
			};
			name = Debug;
		};
		10A35E5F25A88B2F00BA8CA1 /* Release */ = {
			isa = XCBuildConfiguration;
			buildSettings = {
				ALWAYS_EMBED_SWIFT_STANDARD_LIBRARIES = YES;
				BUNDLE_LOADER = "$(TEST_HOST)";
				CODE_SIGN_STYLE = Automatic;
				DEVELOPMENT_TEAM = WAY234M8W5;
				INFOPLIST_FILE = CuccosRevengeSquadTests/Info.plist;
				IPHONEOS_DEPLOYMENT_TARGET = 14.2;
				LD_RUNPATH_SEARCH_PATHS = (
					"$(inherited)",
					"@executable_path/Frameworks",
					"@loader_path/Frameworks",
				);
				PRODUCT_BUNDLE_IDENTIFIER = com.vicbar.CuccosRevengeSquadTests;
				PRODUCT_NAME = "$(TARGET_NAME)";
				SWIFT_VERSION = 5.0;
				TARGETED_DEVICE_FAMILY = "1,2";
				TEST_HOST = "$(BUILT_PRODUCTS_DIR)/CuccosRevengeSquad.app/CuccosRevengeSquad";
			};
			name = Release;
		};
		10A35E6125A88B2F00BA8CA1 /* Debug */ = {
			isa = XCBuildConfiguration;
			buildSettings = {
				ALWAYS_EMBED_SWIFT_STANDARD_LIBRARIES = YES;
				CODE_SIGN_STYLE = Automatic;
				DEVELOPMENT_TEAM = WAY234M8W5;
				INFOPLIST_FILE = CuccosRevengeSquadUITests/Info.plist;
				LD_RUNPATH_SEARCH_PATHS = (
					"$(inherited)",
					"@executable_path/Frameworks",
					"@loader_path/Frameworks",
				);
				PRODUCT_BUNDLE_IDENTIFIER = com.vicbar.CuccosRevengeSquadUITests;
				PRODUCT_NAME = "$(TARGET_NAME)";
				SWIFT_VERSION = 5.0;
				TARGETED_DEVICE_FAMILY = "1,2";
				TEST_TARGET_NAME = CuccosRevengeSquad;
			};
			name = Debug;
		};
		10A35E6225A88B2F00BA8CA1 /* Release */ = {
			isa = XCBuildConfiguration;
			buildSettings = {
				ALWAYS_EMBED_SWIFT_STANDARD_LIBRARIES = YES;
				CODE_SIGN_STYLE = Automatic;
				DEVELOPMENT_TEAM = WAY234M8W5;
				INFOPLIST_FILE = CuccosRevengeSquadUITests/Info.plist;
				LD_RUNPATH_SEARCH_PATHS = (
					"$(inherited)",
					"@executable_path/Frameworks",
					"@loader_path/Frameworks",
				);
				PRODUCT_BUNDLE_IDENTIFIER = com.vicbar.CuccosRevengeSquadUITests;
				PRODUCT_NAME = "$(TARGET_NAME)";
				SWIFT_VERSION = 5.0;
				TARGETED_DEVICE_FAMILY = "1,2";
				TEST_TARGET_NAME = CuccosRevengeSquad;
			};
			name = Release;
		};
/* End XCBuildConfiguration section */

/* Begin XCConfigurationList section */
		10A35E2B25A88B2D00BA8CA1 /* Build configuration list for PBXProject "CuccosRevengeSquad" */ = {
			isa = XCConfigurationList;
			buildConfigurations = (
				10A35E5825A88B2F00BA8CA1 /* Debug */,
				10A35E5925A88B2F00BA8CA1 /* Release */,
			);
			defaultConfigurationIsVisible = 0;
			defaultConfigurationName = Release;
		};
		10A35E5A25A88B2F00BA8CA1 /* Build configuration list for PBXNativeTarget "CuccosRevengeSquad" */ = {
			isa = XCConfigurationList;
			buildConfigurations = (
				10A35E5B25A88B2F00BA8CA1 /* Debug */,
				10A35E5C25A88B2F00BA8CA1 /* Release */,
			);
			defaultConfigurationIsVisible = 0;
			defaultConfigurationName = Release;
		};
		10A35E5D25A88B2F00BA8CA1 /* Build configuration list for PBXNativeTarget "CuccosRevengeSquadTests" */ = {
			isa = XCConfigurationList;
			buildConfigurations = (
				10A35E5E25A88B2F00BA8CA1 /* Debug */,
				10A35E5F25A88B2F00BA8CA1 /* Release */,
			);
			defaultConfigurationIsVisible = 0;
			defaultConfigurationName = Release;
		};
		10A35E6025A88B2F00BA8CA1 /* Build configuration list for PBXNativeTarget "CuccosRevengeSquadUITests" */ = {
			isa = XCConfigurationList;
			buildConfigurations = (
				10A35E6125A88B2F00BA8CA1 /* Debug */,
				10A35E6225A88B2F00BA8CA1 /* Release */,
			);
			defaultConfigurationIsVisible = 0;
			defaultConfigurationName = Release;
		};
/* End XCConfigurationList section */
	};
	rootObject = 10A35E2825A88B2D00BA8CA1 /* Project object */;
}
